
Microsoft Visual Studio Solution File, Format Version 12.00
# Visual Studio Version 17
VisualStudioVersion = 17.10.34928.147
MinimumVisualStudioVersion = 10.0.40219.1
Project("{FAE04EC0-301F-11D3-BF4B-00C04F79EFBC}") = "SearchExtension", "SearchExtension.csproj", "{1C0DE3C7-A479-48F9-B577-597586293122}"
EndProject
Global
	GlobalSection(SolutionConfigurationPlatforms) = preSolution
		Debug|Any CPU = Debug|Any CPU
		Release|Any CPU = Release|Any CPU
	EndGlobalSection
	GlobalSection(ProjectConfigurationPlatforms) = postSolution
		{1C0DE3C7-A479-48F9-B577-597586293122}.Debug|Any CPU.ActiveCfg = Debug|Any CPU
		{1C0DE3C7-A479-48F9-B577-597586293122}.Debug|Any CPU.Build.0 = Debug|Any CPU
		{1C0DE3C7-A479-48F9-B577-597586293122}.Release|Any CPU.ActiveCfg = Release|Any CPU
		{1C0DE3C7-A479-48F9-B577-597586293122}.Release|Any CPU.Build.0 = Release|Any CPU
	EndGlobalSection
	GlobalSection(SolutionProperties) = preSolution
		HideSolutionNode = FALSE
	EndGlobalSection
	GlobalSection(ExtensibilityGlobals) = postSolution
		SolutionGuid = {E71AE1D3-1F1A-4C2D-B6DD-DE252422060A}
	EndGlobalSection
EndGlobal
